# This file is automatically @generated by Cargo.
# It is not intended for manual editing.
version = 3

[[package]]
name = "dagre_rust"
version = "0.0.5"
dependencies = [
 "graphlib_rust",
 "ordered_hashmap",
]

[[package]]
name = "graphlib_rust"
version = "0.0.3"
source = "registry+https://github.com/rust-lang/crates.io-index"
checksum = "3fa37f1c85894560fddc6c059682d62e147d0268526ae0021ac4ec3e1b46df75"
dependencies = [
 "ordered_hashmap",
]

[[package]]
name = "ordered_hashmap"
version = "0.0.3"
source = "registry+https://github.com/rust-lang/crates.io-index"
checksum = "cb1ea499d242299d564879c8b375c11285f5a26d62d8010768909d6d099c4c5a"
